
Microsoft Visual Studio Solution File, Format Version 11.00
# Visual Studio 2010
Project("{FAE04EC0-301F-11D3-BF4B-00C04F79EFBC}") = "CouchbaseGlimpseWeb", "CouchbaseGlimpseWeb\CouchbaseGlimpseWeb.csproj", "{B28E3A2A-56CB-4A5D-8FD3-64917E373C5D}"
EndProject
Project("{FAE04EC0-301F-11D3-BF4B-00C04F79EFBC}") = "Couchbase.Glimpse", "Couchbase.Glimpse\Couchbase.Glimpse.csproj", "{543E589B-B021-4E59-82FE-EDA6797F3266}"
EndProject
Global
	GlobalSection(SolutionConfigurationPlatforms) = preSolution
		Debug|Any CPU = Debug|Any CPU
		Release|Any CPU = Release|Any CPU
	EndGlobalSection
	GlobalSection(ProjectConfigurationPlatforms) = postSolution
		{B28E3A2A-56CB-4A5D-8FD3-64917E373C5D}.Debug|Any CPU.ActiveCfg = Debug|Any CPU
		{B28E3A2A-56CB-4A5D-8FD3-64917E373C5D}.Debug|Any CPU.Build.0 = Debug|Any CPU
		{B28E3A2A-56CB-4A5D-8FD3-64917E373C5D}.Release|Any CPU.ActiveCfg = Release|Any CPU
		{B28E3A2A-56CB-4A5D-8FD3-64917E373C5D}.Release|Any CPU.Build.0 = Release|Any CPU
		{543E589B-B021-4E59-82FE-EDA6797F3266}.Debug|Any CPU.ActiveCfg = Debug|Any CPU
		{543E589B-B021-4E59-82FE-EDA6797F3266}.Debug|Any CPU.Build.0 = Debug|Any CPU
		{543E589B-B021-4E59-82FE-EDA6797F3266}.Release|Any CPU.ActiveCfg = Release|Any CPU
		{543E589B-B021-4E59-82FE-EDA6797F3266}.Release|Any CPU.Build.0 = Release|Any CPU
	EndGlobalSection
	GlobalSection(SolutionProperties) = preSolution
		HideSolutionNode = FALSE
	EndGlobalSection
EndGlobal
